# THIS IS AN AUTOGENERATED FILE. DO NOT EDIT THIS FILE DIRECTLY.
# yarn lockfile v1


"@types/node@^12.12.14":
  version "12.12.14"
  resolved "https://registry.yarnpkg.com/@types/node/-/node-12.12.14.tgz#1c1d6e3c75dba466e0326948d56e8bd72a1903d2"
  integrity sha512-u/SJDyXwuihpwjXy7hOOghagLEV1KdAST6syfnOk6QZAMzZuWZqXy5aYYZbh8Jdpd4escVFP0MvftHNDb9pruA==

ical-generator@^1.9.1:
  version "1.9.1"
  resolved "https://registry.yarnpkg.com/ical-generator/-/ical-generator-1.9.1.tgz#3dc6dabef60d406c654bb7105b83d1f1f6c6f7a9"
  integrity sha512-6NfZdHb1WexdFNjGiukbuT1ePmDxlket+x8UjMvpyK7kCLAq1AgVGgdEEQrBLYkbwnuOhdCEKT/kLv3qOeTSFQ==
  dependencies:
    moment-timezone "^0.5.27"

moment-timezone@^0.5.27:
  version "0.5.27"
  resolved "https://registry.yarnpkg.com/moment-timezone/-/moment-timezone-0.5.27.tgz#73adec8139b6fe30452e78f210f27b1f346b8877"
  integrity sha512-EIKQs7h5sAsjhPCqN6ggx6cEbs94GK050254TIJySD1bzoM5JTYDwAU1IoVOeTOL6Gm27kYJ51/uuvq1kIlrbw==
  dependencies:
    moment ">= 2.9.0"

"moment@>= 2.9.0", moment@^2.24.0:
  version "2.24.0"
  resolved "https://registry.yarnpkg.com/moment/-/moment-2.24.0.tgz#0d055d53f5052aa653c9f6eb68bb5d12bf5c2b5b"
  integrity sha512-bV7f+6l2QigeBBZSM/6yTNq4P2fNpSWj/0e7jQcy87A8e7o2nAfP/34/2ky5Vw4B9S446EtIhodAzkFCcR4dQg==

typescript@^3.7.2:
  version "3.7.2"
  resolved "https://registry.yarnpkg.com/typescript/-/typescript-3.7.2.tgz#27e489b95fa5909445e9fef5ee48d81697ad18fb"
  integrity sha512-ml7V7JfiN2Xwvcer+XAf2csGO1bPBdRbFCkYBczNZggrBZ9c7G3riSUeJmqEU5uOtXNPMhE3n+R4FA/3YOAWOQ==
